
Microsoft Visual Studio Solution File, Format Version 12.00
# Visual Studio Version 17
VisualStudioVersion = 17.4.33103.184
MinimumVisualStudioVersion = 10.0.40219.1
Project("{8BC9CEB8-8B4A-11D0-8D11-00A0C91BC942}") = "SetNotation", "SetNotation.vcxproj", "{500ADA3A-97FD-4A77-AEEB-1DC9EFC45A64}"
EndProject
Project("{2150E333-8FDC-42A3-9474-1A3956D46DE8}") = "Solution Items", "Solution Items", "{C9B7016E-58FA-434A-A525-24F8EA0DE620}"
	ProjectSection(SolutionItems) = preProject
		constants.h = constants.h
	EndProjectSection
EndProject
Global
	GlobalSection(SolutionConfigurationPlatforms) = preSolution
		Debug|x64 = Debug|x64
		Debug|x86 = Debug|x86
		Release|x64 = Release|x64
		Release|x86 = Release|x86
	EndGlobalSection
	GlobalSection(ProjectConfigurationPlatforms) = postSolution
		{500ADA3A-97FD-4A77-AEEB-1DC9EFC45A64}.Debug|x64.ActiveCfg = Debug|x64
		{500ADA3A-97FD-4A77-AEEB-1DC9EFC45A64}.Debug|x64.Build.0 = Debug|x64
		{500ADA3A-97FD-4A77-AEEB-1DC9EFC45A64}.Debug|x86.ActiveCfg = Debug|Win32
		{500ADA3A-97FD-4A77-AEEB-1DC9EFC45A64}.Debug|x86.Build.0 = Debug|Win32
		{500ADA3A-97FD-4A77-AEEB-1DC9EFC45A64}.Release|x64.ActiveCfg = Release|x64
		{500ADA3A-97FD-4A77-AEEB-1DC9EFC45A64}.Release|x64.Build.0 = Release|x64
		{500ADA3A-97FD-4A77-AEEB-1DC9EFC45A64}.Release|x86.ActiveCfg = Release|Win32
		{500ADA3A-97FD-4A77-AEEB-1DC9EFC45A64}.Release|x86.Build.0 = Release|Win32
	EndGlobalSection
	GlobalSection(SolutionProperties) = preSolution
		HideSolutionNode = FALSE
	EndGlobalSection
	GlobalSection(ExtensibilityGlobals) = postSolution
		SolutionGuid = {DE9F3725-D1F6-425A-8A2A-5D8097D528D3}
	EndGlobalSection
EndGlobal
